
Microsoft Visual Studio Solution File, Format Version 12.00
# Visual Studio Version 17
VisualStudioVersion = 17.2.32602.215
MinimumVisualStudioVersion = 10.0.40219.1
Project("{FAE04EC0-301F-11D3-BF4B-00C04F79EFBC}") = "WebApplication1", "WebApplication1\WebApplication1.csproj", "{C468DD26-374F-4EC9-84AE-05BEFCB623DF}"
EndProject
Global
	GlobalSection(SolutionConfigurationPlatforms) = preSolution
		Debug|Any CPU = Debug|Any CPU
		Release|Any CPU = Release|Any CPU
	EndGlobalSection
	GlobalSection(ProjectConfigurationPlatforms) = postSolution
		{C468DD26-374F-4EC9-84AE-05BEFCB623DF}.Debug|Any CPU.ActiveCfg = Debug|Any CPU
		{C468DD26-374F-4EC9-84AE-05BEFCB623DF}.Debug|Any CPU.Build.0 = Debug|Any CPU
		{C468DD26-374F-4EC9-84AE-05BEFCB623DF}.Release|Any CPU.ActiveCfg = Release|Any CPU
		{C468DD26-374F-4EC9-84AE-05BEFCB623DF}.Release|Any CPU.Build.0 = Release|Any CPU
	EndGlobalSection
	GlobalSection(SolutionProperties) = preSolution
		HideSolutionNode = FALSE
	EndGlobalSection
	GlobalSection(ExtensibilityGlobals) = postSolution
		SolutionGuid = {56BD5D23-CA57-4D46-9286-2C73B5411832}
	EndGlobalSection
EndGlobal
